// !$*UTF8*$!
{
	archiveVersion = 1;
	classes = {
	};
	objectVersion = 50;
	objects = {

/* Begin PBXBuildFile section */
		B21153E42495DE430009EA6E /* CheckDuplicateGames.swift in Sources */ = {isa = PBXBuildFile; fileRef = B21153E32495DE430009EA6E /* CheckDuplicateGames.swift */; };
		B21153E62495E0E40009EA6E /* CheckDuplicateParticipants.swift in Sources */ = {isa = PBXBuildFile; fileRef = B21153E52495E0E40009EA6E /* CheckDuplicateParticipants.swift */; };
		B221EEF7210C471300F7FBA0 /* CloudTableViewer.swift in Sources */ = {isa = PBXBuildFile; fileRef = B221EEF6210C471300F7FBA0 /* CloudTableViewer.swift */; };
		B221EEF9210C514A00F7FBA0 /* MenuBar.swift in Sources */ = {isa = PBXBuildFile; fileRef = B221EEF8210C514A00F7FBA0 /* MenuBar.swift */; };
		B221EEFB210C5F2300F7FBA0 /* Backup.swift in Sources */ = {isa = PBXBuildFile; fileRef = B221EEFA210C5F2300F7FBA0 /* Backup.swift */; };
		B221EEFD210DEFBB00F7FBA0 /* SettingsViewController.swift in Sources */ = {isa = PBXBuildFile; fileRef = B221EEFC210DEFBB00F7FBA0 /* SettingsViewController.swift */; };
		B221EEFF210DF3C100F7FBA0 /* Settings.swift in Sources */ = {isa = PBXBuildFile; fileRef = B221EEFE210DF3C100F7FBA0 /* Settings.swift */; };
		B2347AB821048484001F3E42 /* MaintenanceViewController.swift in Sources */ = {isa = PBXBuildFile; fileRef = B2347AB721048484001F3E42 /* MaintenanceViewController.swift */; };
		B2347ABA210484B4001F3E42 /* AppDelegate.swift in Sources */ = {isa = PBXBuildFile; fileRef = B2347AB9210484B4001F3E42 /* AppDelegate.swift */; };
		B2347ABC21048761001F3E42 /* iCloud.swift in Sources */ = {isa = PBXBuildFile; fileRef = B2347ABB21048761001F3E42 /* iCloud.swift */; };
		B23610432494B3F300AFE779 /* EmailToUUID.swift in Sources */ = {isa = PBXBuildFile; fileRef = B23610422494B3F300AFE779 /* EmailToUUID.swift */; };
		B23610452494B53900AFE779 /* ClearPrivateSettings.swift in Sources */ = {isa = PBXBuildFile; fileRef = B23610442494B53900AFE779 /* ClearPrivateSettings.swift */; };
		B23610472494DCF600AFE779 /* ReadableRecordIDs.swift in Sources */ = {isa = PBXBuildFile; fileRef = B23610462494DCF600AFE779 /* ReadableRecordIDs.swift */; };
		B23EF1F1213039A200BFC0CA /* Parameters.swift in Sources */ = {isa = PBXBuildFile; fileRef = B23EF1F0213039A200BFC0CA /* Parameters.swift */; };
		B2574FE62104942500C3FE40 /* BackupViewController.swift in Sources */ = {isa = PBXBuildFile; fileRef = B2574FE52104942500C3FE40 /* BackupViewController.swift */; };
		B2574FEC21061E8C00C3FE40 /* Notes.txt in Resources */ = {isa = PBXBuildFile; fileRef = B2574FEB21061E8C00C3FE40 /* Notes.txt */; };
		B2641C952487C39C00FC6BB4 /* CreateLinks.swift in Sources */ = {isa = PBXBuildFile; fileRef = B2641C942487C39C00FC6BB4 /* CreateLinks.swift */; };
		B2641C972487C7D700FC6BB4 /* Config.swift in Sources */ = {isa = PBXBuildFile; fileRef = B2641C962487C7D700FC6BB4 /* Config.swift */; };
		B265304921062FC400B97813 /* MenubarWindowController.swift in Sources */ = {isa = PBXBuildFile; fileRef = B265304721062FC400B97813 /* MenubarWindowController.swift */; };
		B284E58E20D02B7400A6466E /* Cloud_Database_Maintenance.xcdatamodeld in Sources */ = {isa = PBXBuildFile; fileRef = B284E58C20D02B7400A6466E /* Cloud_Database_Maintenance.xcdatamodeld */; };
		B284E59020D02B7600A6466E /* Assets.xcassets in Resources */ = {isa = PBXBuildFile; fileRef = B284E58F20D02B7600A6466E /* Assets.xcassets */; };
		B284E59320D02B7600A6466E /* Main.storyboard in Resources */ = {isa = PBXBuildFile; fileRef = B284E59120D02B7600A6466E /* Main.storyboard */; };
		B284E59F20D02B7700A6466E /* Cloud_Database_MaintenanceTests.swift in Sources */ = {isa = PBXBuildFile; fileRef = B284E59E20D02B7700A6466E /* Cloud_Database_MaintenanceTests.swift */; };
		B284E5AA20D02B7700A6466E /* Cloud_Database_MaintenanceUITests.swift in Sources */ = {isa = PBXBuildFile; fileRef = B284E5A920D02B7700A6466E /* Cloud_Database_MaintenanceUITests.swift */; };
		B284E5B920D035E600A6466E /* CloudKit.framework in Frameworks */ = {isa = PBXBuildFile; fileRef = B284E5B820D035E600A6466E /* CloudKit.framework */; };
		B284E5BD20D03B7000A6466E /* Utility.swift in Sources */ = {isa = PBXBuildFile; fileRef = B284E5BC20D03B7000A6466E /* Utility.swift */; };
		B288F8B624C838AB00749536 /* ClearAwards.swift in Sources */ = {isa = PBXBuildFile; fileRef = B288F8B524C838AB00749536 /* ClearAwards.swift */; };
		B2AE2AD6249B18D700CC280A /* RestoreViewController.swift in Sources */ = {isa = PBXBuildFile; fileRef = B2AE2AD5249B18D700CC280A /* RestoreViewController.swift */; };
		B2AE2AD8249B208300CC280A /* Restore.swift in Sources */ = {isa = PBXBuildFile; fileRef = B2AE2AD7249B208300CC280A /* Restore.swift */; };
		B2BE31C72275656900963B7B /* String Extensions.swift in Sources */ = {isa = PBXBuildFile; fileRef = B2BE31C62275656900963B7B /* String Extensions.swift */; };
/* End PBXBuildFile section */

/* Begin PBXContainerItemProxy section */
		B284E59B20D02B7700A6466E /* PBXContainerItemProxy */ = {
			isa = PBXContainerItemProxy;
			containerPortal = B284E57D20D02B7400A6466E /* Project object */;
			proxyType = 1;
			remoteGlobalIDString = B284E58420D02B7400A6466E;
			remoteInfo = "Cloud Database Maintenance";
		};
		B284E5A620D02B7700A6466E /* PBXContainerItemProxy */ = {
			isa = PBXContainerItemProxy;
			containerPortal = B284E57D20D02B7400A6466E /* Project object */;
			proxyType = 1;
			remoteGlobalIDString = B284E58420D02B7400A6466E;
			remoteInfo = "Cloud Database Maintenance";
		};
/* End PBXContainerItemProxy section */

/* Begin PBXFileReference section */
		B21153E32495DE430009EA6E /* CheckDuplicateGames.swift */ = {isa = PBXFileReference; lastKnownFileType = sourcecode.swift; path = CheckDuplicateGames.swift; sourceTree = "<group>"; };
		B21153E52495E0E40009EA6E /* CheckDuplicateParticipants.swift */ = {isa = PBXFileReference; lastKnownFileType = sourcecode.swift; path = CheckDuplicateParticipants.swift; sourceTree = "<group>"; };
		B221EEF6210C471300F7FBA0 /* CloudTableViewer.swift */ = {isa = PBXFileReference; lastKnownFileType = sourcecode.swift; path = CloudTableViewer.swift; sourceTree = "<group>"; };
		B221EEF8210C514A00F7FBA0 /* MenuBar.swift */ = {isa = PBXFileReference; lastKnownFileType = sourcecode.swift; path = MenuBar.swift; sourceTree = "<group>"; };
		B221EEFA210C5F2300F7FBA0 /* Backup.swift */ = {isa = PBXFileReference; lastKnownFileType = sourcecode.swift; path = Backup.swift; sourceTree = "<group>"; };
		B221EEFC210DEFBB00F7FBA0 /* SettingsViewController.swift */ = {isa = PBXFileReference; lastKnownFileType = sourcecode.swift; path = SettingsViewController.swift; sourceTree = "<group>"; };
		B221EEFE210DF3C100F7FBA0 /* Settings.swift */ = {isa = PBXFileReference; lastKnownFileType = sourcecode.swift; path = Settings.swift; sourceTree = "<group>"; };
		B2347AB721048484001F3E42 /* MaintenanceViewController.swift */ = {isa = PBXFileReference; fileEncoding = 4; lastKnownFileType = sourcecode.swift; path = MaintenanceViewController.swift; sourceTree = "<group>"; };
		B2347AB9210484B4001F3E42 /* AppDelegate.swift */ = {isa = PBXFileReference; fileEncoding = 4; lastKnownFileType = sourcecode.swift; path = AppDelegate.swift; sourceTree = "<group>"; };
		B2347ABB21048761001F3E42 /* iCloud.swift */ = {isa = PBXFileReference; lastKnownFileType = sourcecode.swift; path = iCloud.swift; sourceTree = "<group>"; };
		B23610422494B3F300AFE779 /* EmailToUUID.swift */ = {isa = PBXFileReference; lastKnownFileType = sourcecode.swift; path = EmailToUUID.swift; sourceTree = "<group>"; };
		B23610442494B53900AFE779 /* ClearPrivateSettings.swift */ = {isa = PBXFileReference; lastKnownFileType = sourcecode.swift; path = ClearPrivateSettings.swift; sourceTree = "<group>"; };
		B23610462494DCF600AFE779 /* ReadableRecordIDs.swift */ = {isa = PBXFileReference; lastKnownFileType = sourcecode.swift; path = ReadableRecordIDs.swift; sourceTree = "<group>"; };
		B23EF1F0213039A200BFC0CA /* Parameters.swift */ = {isa = PBXFileReference; lastKnownFileType = sourcecode.swift; path = Parameters.swift; sourceTree = "<group>"; };
		B2574FE52104942500C3FE40 /* BackupViewController.swift */ = {isa = PBXFileReference; lastKnownFileType = sourcecode.swift; path = BackupViewController.swift; sourceTree = "<group>"; };
		B2574FEB21061E8C00C3FE40 /* Notes.txt */ = {isa = PBXFileReference; fileEncoding = 4; lastKnownFileType = text; path = Notes.txt; sourceTree = "<group>"; };
		B2641C942487C39C00FC6BB4 /* CreateLinks.swift */ = {isa = PBXFileReference; lastKnownFileType = sourcecode.swift; path = CreateLinks.swift; sourceTree = "<group>"; };
		B2641C962487C7D700FC6BB4 /* Config.swift */ = {isa = PBXFileReference; lastKnownFileType = sourcecode.swift; path = Config.swift; sourceTree = "<group>"; };
		B265304721062FC400B97813 /* MenubarWindowController.swift */ = {isa = PBXFileReference; lastKnownFileType = sourcecode.swift; path = MenubarWindowController.swift; sourceTree = "<group>"; };
		B284E58520D02B7400A6466E /* Cloud Database Maintenance.app */ = {isa = PBXFileReference; explicitFileType = wrapper.application; includeInIndex = 0; path = "Cloud Database Maintenance.app"; sourceTree = BUILT_PRODUCTS_DIR; };
		B284E58D20D02B7400A6466E /* Cloud_Database_Maintenance.xcdatamodel */ = {isa = PBXFileReference; lastKnownFileType = wrapper.xcdatamodel; path = Cloud_Database_Maintenance.xcdatamodel; sourceTree = "<group>"; };
		B284E58F20D02B7600A6466E /* Assets.xcassets */ = {isa = PBXFileReference; lastKnownFileType = folder.assetcatalog; path = Assets.xcassets; sourceTree = "<group>"; };
		B284E59220D02B7600A6466E /* Base */ = {isa = PBXFileReference; lastKnownFileType = file.storyboard; name = Base; path = Base.lproj/Main.storyboard; sourceTree = "<group>"; };
		B284E59420D02B7600A6466E /* Info.plist */ = {isa = PBXFileReference; lastKnownFileType = text.plist.xml; path = Info.plist; sourceTree = "<group>"; };
		B284E59520D02B7600A6466E /* Cloud_Database_Maintenance.entitlements */ = {isa = PBXFileReference; lastKnownFileType = text.plist.entitlements; path = Cloud_Database_Maintenance.entitlements; sourceTree = "<group>"; };
		B284E59A20D02B7700A6466E /* Cloud Database MaintenanceTests.xctest */ = {isa = PBXFileReference; explicitFileType = wrapper.cfbundle; includeInIndex = 0; path = "Cloud Database MaintenanceTests.xctest"; sourceTree = BUILT_PRODUCTS_DIR; };
		B284E59E20D02B7700A6466E /* Cloud_Database_MaintenanceTests.swift */ = {isa = PBXFileReference; lastKnownFileType = sourcecode.swift; path = Cloud_Database_MaintenanceTests.swift; sourceTree = "<group>"; };
		B284E5A020D02B7700A6466E /* Info.plist */ = {isa = PBXFileReference; lastKnownFileType = text.plist.xml; path = Info.plist; sourceTree = "<group>"; };
		B284E5A520D02B7700A6466E /* Cloud Database MaintenanceUITests.xctest */ = {isa = PBXFileReference; explicitFileType = wrapper.cfbundle; includeInIndex = 0; path = "Cloud Database MaintenanceUITests.xctest"; sourceTree = BUILT_PRODUCTS_DIR; };
		B284E5A920D02B7700A6466E /* Cloud_Database_MaintenanceUITests.swift */ = {isa = PBXFileReference; lastKnownFileType = sourcecode.swift; path = Cloud_Database_MaintenanceUITests.swift; sourceTree = "<group>"; };
		B284E5AB20D02B7700A6466E /* Info.plist */ = {isa = PBXFileReference; lastKnownFileType = text.plist.xml; path = Info.plist; sourceTree = "<group>"; };
		B284E5B820D035E600A6466E /* CloudKit.framework */ = {isa = PBXFileReference; lastKnownFileType = wrapper.framework; name = CloudKit.framework; path = System/Library/Frameworks/CloudKit.framework; sourceTree = SDKROOT; };
		B284E5BC20D03B7000A6466E /* Utility.swift */ = {isa = PBXFileReference; lastKnownFileType = sourcecode.swift; path = Utility.swift; sourceTree = "<group>"; };
		B288F8B524C838AB00749536 /* ClearAwards.swift */ = {isa = PBXFileReference; lastKnownFileType = sourcecode.swift; path = ClearAwards.swift; sourceTree = "<group>"; };
		B2AE2AD5249B18D700CC280A /* RestoreViewController.swift */ = {isa = PBXFileReference; lastKnownFileType = sourcecode.swift; path = RestoreViewController.swift; sourceTree = "<group>"; };
		B2AE2AD7249B208300CC280A /* Restore.swift */ = {isa = PBXFileReference; lastKnownFileType = sourcecode.swift; path = Restore.swift; sourceTree = "<group>"; };
		B2BE31C62275656900963B7B /* String Extensions.swift */ = {isa = PBXFileReference; lastKnownFileType = sourcecode.swift; path = "String Extensions.swift"; sourceTree = "<group>"; };
/* End PBXFileReference section */

/* Begin PBXFrameworksBuildPhase section */
		B284E58220D02B7400A6466E /* Frameworks */ = {
			isa = PBXFrameworksBuildPhase;
			buildActionMask = 2147483647;
			files = (
				B284E5B920D035E600A6466E /* CloudKit.framework in Frameworks */,
			);
			runOnlyForDeploymentPostprocessing = 0;
		};
		B284E59720D02B7700A6466E /* Frameworks */ = {
			isa = PBXFrameworksBuildPhase;
			buildActionMask = 2147483647;
			files = (
			);
			runOnlyForDeploymentPostprocessing = 0;
		};
		B284E5A220D02B7700A6466E /* Frameworks */ = {
			isa = PBXFrameworksBuildPhase;
			buildActionMask = 2147483647;
			files = (
			);
			runOnlyForDeploymentPostprocessing = 0;
		};
/* End PBXFrameworksBuildPhase section */

/* Begin PBXGroup section */
		B284E57C20D02B7400A6466E = {
			isa = PBXGroup;
			children = (
				B284E58720D02B7400A6466E /* Cloud Database Maintenance */,
				B284E59D20D02B7700A6466E /* Cloud Database MaintenanceTests */,
				B284E5A820D02B7700A6466E /* Cloud Database MaintenanceUITests */,
				B284E58620D02B7400A6466E /* Products */,
				B284E5B720D035E600A6466E /* Frameworks */,
			);
			sourceTree = "<group>";
		};
		B284E58620D02B7400A6466E /* Products */ = {
			isa = PBXGroup;
			children = (
				B284E58520D02B7400A6466E /* Cloud Database Maintenance.app */,
				B284E59A20D02B7700A6466E /* Cloud Database MaintenanceTests.xctest */,
				B284E5A520D02B7700A6466E /* Cloud Database MaintenanceUITests.xctest */,
			);
			name = Products;
			sourceTree = "<group>";
		};
		B284E58720D02B7400A6466E /* Cloud Database Maintenance */ = {
			isa = PBXGroup;
			children = (
				B2574FEB21061E8C00C3FE40 /* Notes.txt */,
				B2347AB9210484B4001F3E42 /* AppDelegate.swift */,
				B284E58F20D02B7600A6466E /* Assets.xcassets */,
				B284E59420D02B7600A6466E /* Info.plist */,
				B284E59520D02B7600A6466E /* Cloud_Database_Maintenance.entitlements */,
				B284E58C20D02B7400A6466E /* Cloud_Database_Maintenance.xcdatamodeld */,
				B284E59120D02B7600A6466E /* Main.storyboard */,
				B2347AB721048484001F3E42 /* MaintenanceViewController.swift */,
				B221EEF6210C471300F7FBA0 /* CloudTableViewer.swift */,
				B2574FE52104942500C3FE40 /* BackupViewController.swift */,
				B221EEFA210C5F2300F7FBA0 /* Backup.swift */,
				B2AE2AD5249B18D700CC280A /* RestoreViewController.swift */,
				B2AE2AD7249B208300CC280A /* Restore.swift */,
				B23610422494B3F300AFE779 /* EmailToUUID.swift */,
				B2641C942487C39C00FC6BB4 /* CreateLinks.swift */,
				B23610462494DCF600AFE779 /* ReadableRecordIDs.swift */,
				B23610442494B53900AFE779 /* ClearPrivateSettings.swift */,
				B288F8B524C838AB00749536 /* ClearAwards.swift */,
				B21153E32495DE430009EA6E /* CheckDuplicateGames.swift */,
				B21153E52495E0E40009EA6E /* CheckDuplicateParticipants.swift */,
				B221EEFC210DEFBB00F7FBA0 /* SettingsViewController.swift */,
				B221EEFE210DF3C100F7FBA0 /* Settings.swift */,
				B265304721062FC400B97813 /* MenubarWindowController.swift */,
				B221EEF8210C514A00F7FBA0 /* MenuBar.swift */,
				B2347ABB21048761001F3E42 /* iCloud.swift */,
				B284E5BC20D03B7000A6466E /* Utility.swift */,
				B23EF1F0213039A200BFC0CA /* Parameters.swift */,
				B2BE31C62275656900963B7B /* String Extensions.swift */,
				B2641C962487C7D700FC6BB4 /* Config.swift */,
			);
			path = "Cloud Database Maintenance";
			sourceTree = "<group>";
		};
		B284E59D20D02B7700A6466E /* Cloud Database MaintenanceTests */ = {
			isa = PBXGroup;
			children = (
				B284E59E20D02B7700A6466E /* Cloud_Database_MaintenanceTests.swift */,
				B284E5A020D02B7700A6466E /* Info.plist */,
			);
			path = "Cloud Database MaintenanceTests";
			sourceTree = "<group>";
		};
		B284E5A820D02B7700A6466E /* Cloud Database MaintenanceUITests */ = {
			isa = PBXGroup;
			children = (
				B284E5A920D02B7700A6466E /* Cloud_Database_MaintenanceUITests.swift */,
				B284E5AB20D02B7700A6466E /* Info.plist */,
			);
			path = "Cloud Database MaintenanceUITests";
			sourceTree = "<group>";
		};
		B284E5B720D035E600A6466E /* Frameworks */ = {
			isa = PBXGroup;
			children = (
				B284E5B820D035E600A6466E /* CloudKit.framework */,
			);
			name = Frameworks;
			sourceTree = "<group>";
		};
/* End PBXGroup section */

/* Begin PBXNativeTarget section */
		B284E58420D02B7400A6466E /* Cloud Database Maintenance */ = {
			isa = PBXNativeTarget;
			buildConfigurationList = B284E5AE20D02B7700A6466E /* Build configuration list for PBXNativeTarget "Cloud Database Maintenance" */;
			buildPhases = (
				B284E58120D02B7400A6466E /* Sources */,
				B284E58220D02B7400A6466E /* Frameworks */,
				B284E58320D02B7400A6466E /* Resources */,
			);
			buildRules = (
			);
			dependencies = (
			);
			name = "Cloud Database Maintenance";
			productName = "Cloud Database Maintenance";
			productReference = B284E58520D02B7400A6466E /* Cloud Database Maintenance.app */;
			productType = "com.apple.product-type.application";
		};
		B284E59920D02B7700A6466E /* Cloud Database MaintenanceTests */ = {
			isa = PBXNativeTarget;
			buildConfigurationList = B284E5B120D02B7700A6466E /* Build configuration list for PBXNativeTarget "Cloud Database MaintenanceTests" */;
			buildPhases = (
				B284E59620D02B7700A6466E /* Sources */,
				B284E59720D02B7700A6466E /* Frameworks */,
				B284E59820D02B7700A6466E /* Resources */,
			);
			buildRules = (
			);
			dependencies = (
				B284E59C20D02B7700A6466E /* PBXTargetDependency */,
			);
			name = "Cloud Database MaintenanceTests";
			productName = "Cloud Database MaintenanceTests";
			productReference = B284E59A20D02B7700A6466E /* Cloud Database MaintenanceTests.xctest */;
			productType = "com.apple.product-type.bundle.unit-test";
		};
		B284E5A420D02B7700A6466E /* Cloud Database MaintenanceUITests */ = {
			isa = PBXNativeTarget;
			buildConfigurationList = B284E5B420D02B7700A6466E /* Build configuration list for PBXNativeTarget "Cloud Database MaintenanceUITests" */;
			buildPhases = (
				B284E5A120D02B7700A6466E /* Sources */,
				B284E5A220D02B7700A6466E /* Frameworks */,
				B284E5A320D02B7700A6466E /* Resources */,
			);
			buildRules = (
			);
			dependencies = (
				B284E5A720D02B7700A6466E /* PBXTargetDependency */,
			);
			name = "Cloud Database MaintenanceUITests";
			productName = "Cloud Database MaintenanceUITests";
			productReference = B284E5A520D02B7700A6466E /* Cloud Database MaintenanceUITests.xctest */;
			productType = "com.apple.product-type.bundle.ui-testing";
		};
/* End PBXNativeTarget section */

/* Begin PBXProject section */
		B284E57D20D02B7400A6466E /* Project object */ = {
			isa = PBXProject;
			attributes = {
				LastSwiftUpdateCheck = 0940;
				LastUpgradeCheck = 1200;
				ORGANIZATIONNAME = "Marc Shearer";
				TargetAttributes = {
					B284E58420D02B7400A6466E = {
						CreatedOnToolsVersion = 9.4;
						SystemCapabilities = {
							com.apple.Push = {
								enabled = 1;
							};
							com.apple.iCloud = {
								enabled = 1;
							};
						};
					};
					B284E59920D02B7700A6466E = {
						CreatedOnToolsVersion = 9.4;
						TestTargetID = B284E58420D02B7400A6466E;
					};
					B284E5A420D02B7700A6466E = {
						CreatedOnToolsVersion = 9.4;
						TestTargetID = B284E58420D02B7400A6466E;
					};
				};
			};
			buildConfigurationList = B284E58020D02B7400A6466E /* Build configuration list for PBXProject "Cloud Database Maintenance" */;
			compatibilityVersion = "Xcode 9.3";
			developmentRegion = en;
			hasScannedForEncodings = 0;
			knownRegions = (
				en,
				Base,
			);
			mainGroup = B284E57C20D02B7400A6466E;
			productRefGroup = B284E58620D02B7400A6466E /* Products */;
			projectDirPath = "";
			projectRoot = "";
			targets = (
				B284E58420D02B7400A6466E /* Cloud Database Maintenance */,
				B284E59920D02B7700A6466E /* Cloud Database MaintenanceTests */,
				B284E5A420D02B7700A6466E /* Cloud Database MaintenanceUITests */,
			);
		};
/* End PBXProject section */

/* Begin PBXResourcesBuildPhase section */
		B284E58320D02B7400A6466E /* Resources */ = {
			isa = PBXResourcesBuildPhase;
			buildActionMask = 2147483647;
			files = (
				B284E59020D02B7600A6466E /* Assets.xcassets in Resources */,
				B2574FEC21061E8C00C3FE40 /* Notes.txt in Resources */,
				B284E59320D02B7600A6466E /* Main.storyboard in Resources */,
			);
			runOnlyForDeploymentPostprocessing = 0;
		};
		B284E59820D02B7700A6466E /* Resources */ = {
			isa = PBXResourcesBuildPhase;
			buildActionMask = 2147483647;
			files = (
			);
			runOnlyForDeploymentPostprocessing = 0;
		};
		B284E5A320D02B7700A6466E /* Resources */ = {
			isa = PBXResourcesBuildPhase;
			buildActionMask = 2147483647;
			files = (
			);
			runOnlyForDeploymentPostprocessing = 0;
		};
/* End PBXResourcesBuildPhase section */

/* Begin PBXSourcesBuildPhase section */
		B284E58120D02B7400A6466E /* Sources */ = {
			isa = PBXSourcesBuildPhase;
			buildActionMask = 2147483647;
			files = (
				B21153E42495DE430009EA6E /* CheckDuplicateGames.swift in Sources */,
				B2641C952487C39C00FC6BB4 /* CreateLinks.swift in Sources */,
				B2347ABA210484B4001F3E42 /* AppDelegate.swift in Sources */,
				B21153E62495E0E40009EA6E /* CheckDuplicateParticipants.swift in Sources */,
				B284E5BD20D03B7000A6466E /* Utility.swift in Sources */,
				B23EF1F1213039A200BFC0CA /* Parameters.swift in Sources */,
				B221EEFD210DEFBB00F7FBA0 /* SettingsViewController.swift in Sources */,
				B265304921062FC400B97813 /* MenubarWindowController.swift in Sources */,
				B23610472494DCF600AFE779 /* ReadableRecordIDs.swift in Sources */,
				B2AE2AD6249B18D700CC280A /* RestoreViewController.swift in Sources */,
				B2574FE62104942500C3FE40 /* BackupViewController.swift in Sources */,
				B2347ABC21048761001F3E42 /* iCloud.swift in Sources */,
				B2BE31C72275656900963B7B /* String Extensions.swift in Sources */,
				B288F8B624C838AB00749536 /* ClearAwards.swift in Sources */,
				B221EEFF210DF3C100F7FBA0 /* Settings.swift in Sources */,
				B284E58E20D02B7400A6466E /* Cloud_Database_Maintenance.xcdatamodeld in Sources */,
				B221EEF7210C471300F7FBA0 /* CloudTableViewer.swift in Sources */,
				B221EEFB210C5F2300F7FBA0 /* Backup.swift in Sources */,
				B23610432494B3F300AFE779 /* EmailToUUID.swift in Sources */,
				B2AE2AD8249B208300CC280A /* Restore.swift in Sources */,
				B23610452494B53900AFE779 /* ClearPrivateSettings.swift in Sources */,
				B2641C972487C7D700FC6BB4 /* Config.swift in Sources */,
				B221EEF9210C514A00F7FBA0 /* MenuBar.swift in Sources */,
				B2347AB821048484001F3E42 /* MaintenanceViewController.swift in Sources */,
			);
			runOnlyForDeploymentPostprocessing = 0;
		};
		B284E59620D02B7700A6466E /* Sources */ = {
			isa = PBXSourcesBuildPhase;
			buildActionMask = 2147483647;
			files = (
				B284E59F20D02B7700A6466E /* Cloud_Database_MaintenanceTests.swift in Sources */,
			);
			runOnlyForDeploymentPostprocessing = 0;
		};
		B284E5A120D02B7700A6466E /* Sources */ = {
			isa = PBXSourcesBuildPhase;
			buildActionMask = 2147483647;
			files = (
				B284E5AA20D02B7700A6466E /* Cloud_Database_MaintenanceUITests.swift in Sources */,
			);
			runOnlyForDeploymentPostprocessing = 0;
		};
/* End PBXSourcesBuildPhase section */

/* Begin PBXTargetDependency section */
		B284E59C20D02B7700A6466E /* PBXTargetDependency */ = {
			isa = PBXTargetDependency;
			target = B284E58420D02B7400A6466E /* Cloud Database Maintenance */;
			targetProxy = B284E59B20D02B7700A6466E /* PBXContainerItemProxy */;
		};
		B284E5A720D02B7700A6466E /* PBXTargetDependency */ = {
			isa = PBXTargetDependency;
			target = B284E58420D02B7400A6466E /* Cloud Database Maintenance */;
			targetProxy = B284E5A620D02B7700A6466E /* PBXContainerItemProxy */;
		};
/* End PBXTargetDependency section */

/* Begin PBXVariantGroup section */
		B284E59120D02B7600A6466E /* Main.storyboard */ = {
			isa = PBXVariantGroup;
			children = (
				B284E59220D02B7600A6466E /* Base */,
			);
			name = Main.storyboard;
			sourceTree = "<group>";
		};
/* End PBXVariantGroup section */

/* Begin XCBuildConfiguration section */
		B284E5AC20D02B7700A6466E /* Debug */ = {
			isa = XCBuildConfiguration;
			buildSettings = {
				ALWAYS_SEARCH_USER_PATHS = NO;
				CLANG_ANALYZER_NONNULL = YES;
				CLANG_ANALYZER_NUMBER_OBJECT_CONVERSION = YES_AGGRESSIVE;
				CLANG_CXX_LANGUAGE_STANDARD = "gnu++14";
				CLANG_CXX_LIBRARY = "libc++";
				CLANG_ENABLE_MODULES = YES;
				CLANG_ENABLE_OBJC_ARC = YES;
				CLANG_ENABLE_OBJC_WEAK = YES;
				CLANG_WARN_BLOCK_CAPTURE_AUTORELEASING = YES;
				CLANG_WARN_BOOL_CONVERSION = YES;
				CLANG_WARN_COMMA = YES;
				CLANG_WARN_CONSTANT_CONVERSION = YES;
				CLANG_WARN_DEPRECATED_OBJC_IMPLEMENTATIONS = YES;
				CLANG_WARN_DIRECT_OBJC_ISA_USAGE = YES_ERROR;
				CLANG_WARN_DOCUMENTATION_COMMENTS = YES;
				CLANG_WARN_EMPTY_BODY = YES;
				CLANG_WARN_ENUM_CONVERSION = YES;
				CLANG_WARN_INFINITE_RECURSION = YES;
				CLANG_WARN_INT_CONVERSION = YES;
				CLANG_WARN_NON_LITERAL_NULL_CONVERSION = YES;
				CLANG_WARN_OBJC_IMPLICIT_RETAIN_SELF = YES;
				CLANG_WARN_OBJC_LITERAL_CONVERSION = YES;
				CLANG_WARN_OBJC_ROOT_CLASS = YES_ERROR;
				CLANG_WARN_QUOTED_INCLUDE_IN_FRAMEWORK_HEADER = YES;
				CLANG_WARN_RANGE_LOOP_ANALYSIS = YES;
				CLANG_WARN_STRICT_PROTOTYPES = YES;
				CLANG_WARN_SUSPICIOUS_MOVE = YES;
				CLANG_WARN_UNGUARDED_AVAILABILITY = YES_AGGRESSIVE;
				CLANG_WARN_UNREACHABLE_CODE = YES;
				CLANG_WARN__DUPLICATE_METHOD_MATCH = YES;
				CODE_SIGN_IDENTITY = "Mac Developer";
				COPY_PHASE_STRIP = NO;
				DEBUG_INFORMATION_FORMAT = dwarf;
				ENABLE_STRICT_OBJC_MSGSEND = YES;
				ENABLE_TESTABILITY = YES;
				GCC_C_LANGUAGE_STANDARD = gnu11;
				GCC_DYNAMIC_NO_PIC = NO;
				GCC_NO_COMMON_BLOCKS = YES;
				GCC_OPTIMIZATION_LEVEL = 0;
				GCC_PREPROCESSOR_DEFINITIONS = (
					"DEBUG=1",
					"$(inherited)",
				);
				GCC_WARN_64_TO_32_BIT_CONVERSION = YES;
				GCC_WARN_ABOUT_RETURN_TYPE = YES_ERROR;
				GCC_WARN_UNDECLARED_SELECTOR = YES;
				GCC_WARN_UNINITIALIZED_AUTOS = YES_AGGRESSIVE;
				GCC_WARN_UNUSED_FUNCTION = YES;
				GCC_WARN_UNUSED_VARIABLE = YES;
				MACOSX_DEPLOYMENT_TARGET = 10.13;
				MTL_ENABLE_DEBUG_INFO = YES;
				ONLY_ACTIVE_ARCH = YES;
				SDKROOT = macosx;
				SWIFT_ACTIVE_COMPILATION_CONDITIONS = DEBUG;
				SWIFT_OPTIMIZATION_LEVEL = "-Onone";
			};
			name = Debug;
		};
		B284E5AD20D02B7700A6466E /* Release */ = {
			isa = XCBuildConfiguration;
			buildSettings = {
				ALWAYS_SEARCH_USER_PATHS = NO;
				CLANG_ANALYZER_NONNULL = YES;
				CLANG_ANALYZER_NUMBER_OBJECT_CONVERSION = YES_AGGRESSIVE;
				CLANG_CXX_LANGUAGE_STANDARD = "gnu++14";
				CLANG_CXX_LIBRARY = "libc++";
				CLANG_ENABLE_MODULES = YES;
				CLANG_ENABLE_OBJC_ARC = YES;
				CLANG_ENABLE_OBJC_WEAK = YES;
				CLANG_WARN_BLOCK_CAPTURE_AUTORELEASING = YES;
				CLANG_WARN_BOOL_CONVERSION = YES;
				CLANG_WARN_COMMA = YES;
				CLANG_WARN_CONSTANT_CONVERSION = YES;
				CLANG_WARN_DEPRECATED_OBJC_IMPLEMENTATIONS = YES;
				CLANG_WARN_DIRECT_OBJC_ISA_USAGE = YES_ERROR;
				CLANG_WARN_DOCUMENTATION_COMMENTS = YES;
				CLANG_WARN_EMPTY_BODY = YES;
				CLANG_WARN_ENUM_CONVERSION = YES;
				CLANG_WARN_INFINITE_RECURSION = YES;
				CLANG_WARN_INT_CONVERSION = YES;
				CLANG_WARN_NON_LITERAL_NULL_CONVERSION = YES;
				CLANG_WARN_OBJC_IMPLICIT_RETAIN_SELF = YES;
				CLANG_WARN_OBJC_LITERAL_CONVERSION = YES;
				CLANG_WARN_OBJC_ROOT_CLASS = YES_ERROR;
				CLANG_WARN_QUOTED_INCLUDE_IN_FRAMEWORK_HEADER = YES;
				CLANG_WARN_RANGE_LOOP_ANALYSIS = YES;
				CLANG_WARN_STRICT_PROTOTYPES = YES;
				CLANG_WARN_SUSPICIOUS_MOVE = YES;
				CLANG_WARN_UNGUARDED_AVAILABILITY = YES_AGGRESSIVE;
				CLANG_WARN_UNREACHABLE_CODE = YES;
				CLANG_WARN__DUPLICATE_METHOD_MATCH = YES;
				CODE_SIGN_IDENTITY = "Mac Developer";
				COPY_PHASE_STRIP = NO;
				DEBUG_INFORMATION_FORMAT = "dwarf-with-dsym";
				ENABLE_NS_ASSERTIONS = NO;
				ENABLE_STRICT_OBJC_MSGSEND = YES;
				GCC_C_LANGUAGE_STANDARD = gnu11;
				GCC_NO_COMMON_BLOCKS = YES;
				GCC_WARN_64_TO_32_BIT_CONVERSION = YES;
				GCC_WARN_ABOUT_RETURN_TYPE = YES_ERROR;
				GCC_WARN_UNDECLARED_SELECTOR = YES;
				GCC_WARN_UNINITIALIZED_AUTOS = YES_AGGRESSIVE;
				GCC_WARN_UNUSED_FUNCTION = YES;
				GCC_WARN_UNUSED_VARIABLE = YES;
				MACOSX_DEPLOYMENT_TARGET = 10.13;
				MTL_ENABLE_DEBUG_INFO = NO;
				SDKROOT = macosx;
				SWIFT_COMPILATION_MODE = wholemodule;
				SWIFT_OPTIMIZATION_LEVEL = "-O";
			};
			name = Release;
		};
		B284E5AF20D02B7700A6466E /* Debug */ = {
			isa = XCBuildConfiguration;
			buildSettings = {
				ASSETCATALOG_COMPILER_APPICON_NAME = AppIcon;
				CODE_SIGN_ENTITLEMENTS = "Cloud Database Maintenance/Cloud_Database_Maintenance.entitlements";
				CODE_SIGN_IDENTITY = "-";
				CODE_SIGN_STYLE = Automatic;
				COMBINE_HIDPI_IMAGES = YES;
				DEVELOPMENT_TEAM = 3T7CT2S464;
				INFOPLIST_FILE = "Cloud Database Maintenance/Info.plist";
				LD_RUNPATH_SEARCH_PATHS = (
					"$(inherited)",
					"@executable_path/../Frameworks",
				);
				PRODUCT_BUNDLE_IDENTIFIER = "MarcShearer.Cloud-Database-Maintenance";
				PRODUCT_NAME = "$(TARGET_NAME)";
				SWIFT_VERSION = 4.0;
			};
			name = Debug;
		};
		B284E5B020D02B7700A6466E /* Release */ = {
			isa = XCBuildConfiguration;
			buildSettings = {
				ASSETCATALOG_COMPILER_APPICON_NAME = AppIcon;
				CODE_SIGN_ENTITLEMENTS = "Cloud Database Maintenance/Cloud_Database_Maintenance.entitlements";
				CODE_SIGN_IDENTITY = "-";
				CODE_SIGN_STYLE = Automatic;
				COMBINE_HIDPI_IMAGES = YES;
				DEVELOPMENT_TEAM = 3T7CT2S464;
				INFOPLIST_FILE = "Cloud Database Maintenance/Info.plist";
				LD_RUNPATH_SEARCH_PATHS = (
					"$(inherited)",
					"@executable_path/../Frameworks",
				);
				PRODUCT_BUNDLE_IDENTIFIER = "MarcShearer.Cloud-Database-Maintenance";
				PRODUCT_NAME = "$(TARGET_NAME)";
				SWIFT_VERSION = 4.0;
			};
			name = Release;
		};
		B284E5B220D02B7700A6466E /* Debug */ = {
			isa = XCBuildConfiguration;
			buildSettings = {
				ALWAYS_EMBED_SWIFT_STANDARD_LIBRARIES = YES;
				BUNDLE_LOADER = "$(TEST_HOST)";
				CODE_SIGN_STYLE = Automatic;
				COMBINE_HIDPI_IMAGES = YES;
				DEVELOPMENT_TEAM = 3T7CT2S464;
				INFOPLIST_FILE = "Cloud Database MaintenanceTests/Info.plist";
				LD_RUNPATH_SEARCH_PATHS = (
					"$(inherited)",
					"@executable_path/../Frameworks",
					"@loader_path/../Frameworks",
				);
				PRODUCT_BUNDLE_IDENTIFIER = "MarcShearer.Cloud-Database-MaintenanceTests";
				PRODUCT_NAME = "$(TARGET_NAME)";
				SWIFT_VERSION = 4.0;
				TEST_HOST = "$(BUILT_PRODUCTS_DIR)/Cloud Database Maintenance.app/Contents/MacOS/Cloud Database Maintenance";
			};
			name = Debug;
		};
		B284E5B320D02B7700A6466E /* Release */ = {
			isa = XCBuildConfiguration;
			buildSettings = {
				ALWAYS_EMBED_SWIFT_STANDARD_LIBRARIES = YES;
				BUNDLE_LOADER = "$(TEST_HOST)";
				CODE_SIGN_STYLE = Automatic;
				COMBINE_HIDPI_IMAGES = YES;
				DEVELOPMENT_TEAM = 3T7CT2S464;
				INFOPLIST_FILE = "Cloud Database MaintenanceTests/Info.plist";
				LD_RUNPATH_SEARCH_PATHS = (
					"$(inherited)",
					"@executable_path/../Frameworks",
					"@loader_path/../Frameworks",
				);
				PRODUCT_BUNDLE_IDENTIFIER = "MarcShearer.Cloud-Database-MaintenanceTests";
				PRODUCT_NAME = "$(TARGET_NAME)";
				SWIFT_VERSION = 4.0;
				TEST_HOST = "$(BUILT_PRODUCTS_DIR)/Cloud Database Maintenance.app/Contents/MacOS/Cloud Database Maintenance";
			};
			name = Release;
		};
		B284E5B520D02B7700A6466E /* Debug */ = {
			isa = XCBuildConfiguration;
			buildSettings = {
				ALWAYS_EMBED_SWIFT_STANDARD_LIBRARIES = YES;
				CODE_SIGN_STYLE = Automatic;
				COMBINE_HIDPI_IMAGES = YES;
				DEVELOPMENT_TEAM = 3T7CT2S464;
				INFOPLIST_FILE = "Cloud Database MaintenanceUITests/Info.plist";
				LD_RUNPATH_SEARCH_PATHS = (
					"$(inherited)",
					"@executable_path/../Frameworks",
					"@loader_path/../Frameworks",
				);
				PRODUCT_BUNDLE_IDENTIFIER = "MarcShearer.Cloud-Database-MaintenanceUITests";
				PRODUCT_NAME = "$(TARGET_NAME)";
				SWIFT_VERSION = 4.0;
				TEST_TARGET_NAME = "Cloud Database Maintenance";
			};
			name = Debug;
		};
		B284E5B620D02B7700A6466E /* Release */ = {
			isa = XCBuildConfiguration;
			buildSettings = {
				ALWAYS_EMBED_SWIFT_STANDARD_LIBRARIES = YES;
				CODE_SIGN_STYLE = Automatic;
				COMBINE_HIDPI_IMAGES = YES;
				DEVELOPMENT_TEAM = 3T7CT2S464;
				INFOPLIST_FILE = "Cloud Database MaintenanceUITests/Info.plist";
				LD_RUNPATH_SEARCH_PATHS = (
					"$(inherited)",
					"@executable_path/../Frameworks",
					"@loader_path/../Frameworks",
				);
				PRODUCT_BUNDLE_IDENTIFIER = "MarcShearer.Cloud-Database-MaintenanceUITests";
				PRODUCT_NAME = "$(TARGET_NAME)";
				SWIFT_VERSION = 4.0;
				TEST_TARGET_NAME = "Cloud Database Maintenance";
			};
			name = Release;
		};
/* End XCBuildConfiguration section */

/* Begin XCConfigurationList section */
		B284E58020D02B7400A6466E /* Build configuration list for PBXProject "Cloud Database Maintenance" */ = {
			isa = XCConfigurationList;
			buildConfigurations = (
				B284E5AC20D02B7700A6466E /* Debug */,
				B284E5AD20D02B7700A6466E /* Release */,
			);
			defaultConfigurationIsVisible = 0;
			defaultConfigurationName = Release;
		};
		B284E5AE20D02B7700A6466E /* Build configuration list for PBXNativeTarget "Cloud Database Maintenance" */ = {
			isa = XCConfigurationList;
			buildConfigurations = (
				B284E5AF20D02B7700A6466E /* Debug */,
				B284E5B020D02B7700A6466E /* Release */,
			);
			defaultConfigurationIsVisible = 0;
			defaultConfigurationName = Release;
		};
		B284E5B120D02B7700A6466E /* Build configuration list for PBXNativeTarget "Cloud Database MaintenanceTests" */ = {
			isa = XCConfigurationList;
			buildConfigurations = (
				B284E5B220D02B7700A6466E /* Debug */,
				B284E5B320D02B7700A6466E /* Release */,
			);
			defaultConfigurationIsVisible = 0;
			defaultConfigurationName = Release;
		};
		B284E5B420D02B7700A6466E /* Build configuration list for PBXNativeTarget "Cloud Database MaintenanceUITests" */ = {
			isa = XCConfigurationList;
			buildConfigurations = (
				B284E5B520D02B7700A6466E /* Debug */,
				B284E5B620D02B7700A6466E /* Release */,
			);
			defaultConfigurationIsVisible = 0;
			defaultConfigurationName = Release;
		};
/* End XCConfigurationList section */

/* Begin XCVersionGroup section */
		B284E58C20D02B7400A6466E /* Cloud_Database_Maintenance.xcdatamodeld */ = {
			isa = XCVersionGroup;
			children = (
				B284E58D20D02B7400A6466E /* Cloud_Database_Maintenance.xcdatamodel */,
			);
			currentVersion = B284E58D20D02B7400A6466E /* Cloud_Database_Maintenance.xcdatamodel */;
			path = Cloud_Database_Maintenance.xcdatamodeld;
			sourceTree = "<group>";
			versionGroupType = wrapper.xcdatamodel;
		};
/* End XCVersionGroup section */
	};
	rootObject = B284E57D20D02B7400A6466E /* Project object */;
}
